// !$*UTF8*$!
{
	archiveVersion = 1;
	classes = {
	};
	objectVersion = 50;
	objects = {

/* Begin PBXBuildFile section */
		36259EE3255418D70081B6CA /* ContactViewAndEditViewController.swift in Sources */ = {isa = PBXBuildFile; fileRef = 36259EE2255418D70081B6CA /* ContactViewAndEditViewController.swift */; };
		36259EE6255418E70081B6CA /* ContactCreateViewController.swift in Sources */ = {isa = PBXBuildFile; fileRef = 36259EE5255418E70081B6CA /* ContactCreateViewController.swift */; };
		36259EE9255419460081B6CA /* RouteViewController.swift in Sources */ = {isa = PBXBuildFile; fileRef = 36259EE8255419460081B6CA /* RouteViewController.swift */; };
		36259EEC2554197B0081B6CA /* RouteViewAndEditViewController.swift in Sources */ = {isa = PBXBuildFile; fileRef = 36259EEB2554197B0081B6CA /* RouteViewAndEditViewController.swift */; };
		36259EEF255419860081B6CA /* RouteCreateViewController.swift in Sources */ = {isa = PBXBuildFile; fileRef = 36259EEE255419860081B6CA /* RouteCreateViewController.swift */; };
		36259EFE25541A0E0081B6CA /* CargoViewController.swift in Sources */ = {isa = PBXBuildFile; fileRef = 36259EFD25541A0E0081B6CA /* CargoViewController.swift */; };
		36259F0225541A180081B6CA /* CargoViewAndEditViewController.swift in Sources */ = {isa = PBXBuildFile; fileRef = 36259F0125541A180081B6CA /* CargoViewAndEditViewController.swift */; };
		36259F0525541A220081B6CA /* CargoCreateViewController.swift in Sources */ = {isa = PBXBuildFile; fileRef = 36259F0425541A220081B6CA /* CargoCreateViewController.swift */; };
		366A835B2572A212004F4FBC /* RouteTableViewCell.swift in Sources */ = {isa = PBXBuildFile; fileRef = 366A835A2572A212004F4FBC /* RouteTableViewCell.swift */; };
		366A835F2572A5B2004F4FBC /* RouteCoreDataMethods.swift in Sources */ = {isa = PBXBuildFile; fileRef = 366A835E2572A5B2004F4FBC /* RouteCoreDataMethods.swift */; };
		366ED2C2251BB139007AE2D4 /* AppDelegate.swift in Sources */ = {isa = PBXBuildFile; fileRef = 366ED2C1251BB139007AE2D4 /* AppDelegate.swift */; };
		366ED2C4251BB139007AE2D4 /* SceneDelegate.swift in Sources */ = {isa = PBXBuildFile; fileRef = 366ED2C3251BB139007AE2D4 /* SceneDelegate.swift */; };
		366ED2C6251BB139007AE2D4 /* StartViewController.swift in Sources */ = {isa = PBXBuildFile; fileRef = 366ED2C5251BB139007AE2D4 /* StartViewController.swift */; };
		366ED2C9251BB139007AE2D4 /* Main.storyboard in Resources */ = {isa = PBXBuildFile; fileRef = 366ED2C7251BB139007AE2D4 /* Main.storyboard */; };
		366ED2CC251BB139007AE2D4 /* TrafficEditor.xcdatamodeld in Sources */ = {isa = PBXBuildFile; fileRef = 366ED2CA251BB139007AE2D4 /* TrafficEditor.xcdatamodeld */; };
		366ED2CE251BB13E007AE2D4 /* Assets.xcassets in Resources */ = {isa = PBXBuildFile; fileRef = 366ED2CD251BB13E007AE2D4 /* Assets.xcassets */; };
		366ED2D1251BB13E007AE2D4 /* LaunchScreen.storyboard in Resources */ = {isa = PBXBuildFile; fileRef = 366ED2CF251BB13E007AE2D4 /* LaunchScreen.storyboard */; };
		366ED2E3251BBD21007AE2D4 /* Utilities.swift in Sources */ = {isa = PBXBuildFile; fileRef = 366ED2E2251BBD21007AE2D4 /* Utilities.swift */; };
		366ED2E6251BBD4D007AE2D4 /* Constants.swift in Sources */ = {isa = PBXBuildFile; fileRef = 366ED2E5251BBD4D007AE2D4 /* Constants.swift */; };
		367BEE2C2572D8AE00539367 /* Route+CoreDataClass.swift in Sources */ = {isa = PBXBuildFile; fileRef = 367BEE2A2572D8AD00539367 /* Route+CoreDataClass.swift */; };
		367BEE2D2572D8AE00539367 /* Route+CoreDataProperties.swift in Sources */ = {isa = PBXBuildFile; fileRef = 367BEE2B2572D8AE00539367 /* Route+CoreDataProperties.swift */; };
		3688B351251BC59100AB35B4 /* Users+CoreDataClass.swift in Sources */ = {isa = PBXBuildFile; fileRef = 3688B34F251BC59100AB35B4 /* Users+CoreDataClass.swift */; };
		3688B352251BC59100AB35B4 /* Users+CoreDataProperties.swift in Sources */ = {isa = PBXBuildFile; fileRef = 3688B350251BC59100AB35B4 /* Users+CoreDataProperties.swift */; };
		36BA3E94257456D8004702BD /* Cargo+CoreDataClass.swift in Sources */ = {isa = PBXBuildFile; fileRef = 36BA3E92257456D8004702BD /* Cargo+CoreDataClass.swift */; };
		36BA3E95257456D8004702BD /* Cargo+CoreDataProperties.swift in Sources */ = {isa = PBXBuildFile; fileRef = 36BA3E93257456D8004702BD /* Cargo+CoreDataProperties.swift */; };
		36BA3E9825745C8D004702BD /* RefactoringCargoDataModel.swift in Sources */ = {isa = PBXBuildFile; fileRef = 36BA3E9725745C8D004702BD /* RefactoringCargoDataModel.swift */; };
		36BA3E9C25746B86004702BD /* DissmissKeyboard.swift in Sources */ = {isa = PBXBuildFile; fileRef = 36BA3E9B25746B86004702BD /* DissmissKeyboard.swift */; };
		36BA3E9F25764341004702BD /* DatePickerForTextField.swift in Sources */ = {isa = PBXBuildFile; fileRef = 36BA3E9E25764341004702BD /* DatePickerForTextField.swift */; };
		36BA3EA6257662C2004702BD /* DatePickerConvertMethods.swift in Sources */ = {isa = PBXBuildFile; fileRef = 36BA3EA5257662C2004702BD /* DatePickerConvertMethods.swift */; };
		36BA3EAD25766C76004702BD /* Contact+CoreDataClass.swift in Sources */ = {isa = PBXBuildFile; fileRef = 36BA3EAB25766C76004702BD /* Contact+CoreDataClass.swift */; };
		36BA3EAE25766C76004702BD /* Contact+CoreDataProperties.swift in Sources */ = {isa = PBXBuildFile; fileRef = 36BA3EAC25766C76004702BD /* Contact+CoreDataProperties.swift */; };
		36BB443F2571BAA600A65D2E /* RefactoringContactDataModel.swift in Sources */ = {isa = PBXBuildFile; fileRef = 36BB443E2571BAA600A65D2E /* RefactoringContactDataModel.swift */; };
		36BDD03725731C0F009AB400 /* CargoTableViewCell.swift in Sources */ = {isa = PBXBuildFile; fileRef = 36BDD03625731C0F009AB400 /* CargoTableViewCell.swift */; };
		36C4B870254D96470065BB5F /* LoginAndRegistrationViewController.swift in Sources */ = {isa = PBXBuildFile; fileRef = 36C4B86F254D96470065BB5F /* LoginAndRegistrationViewController.swift */; };
		36C4B873254D96550065BB5F /* ContactViewController.swift in Sources */ = {isa = PBXBuildFile; fileRef = 36C4B872254D96550065BB5F /* ContactViewController.swift */; };
		36C4B8A9254E0E740065BB5F /* GIfLogic.swift in Sources */ = {isa = PBXBuildFile; fileRef = 36C4B8A8254E0E740065BB5F /* GIfLogic.swift */; };
		36C4B8C1254E21C60065BB5F /* flow.gif in Resources */ = {isa = PBXBuildFile; fileRef = 36C4B8C0254E21C60065BB5F /* flow.gif */; };
		36C779A6256D57150055A43A /* ContactTableViewCell.swift in Sources */ = {isa = PBXBuildFile; fileRef = 36C779A5256D57150055A43A /* ContactTableViewCell.swift */; };
		36DBBA46256D90A400735717 /* ContactCoreDataMethods.swift in Sources */ = {isa = PBXBuildFile; fileRef = 36DBBA45256D90A400735717 /* ContactCoreDataMethods.swift */; };
		36E408A5251BDD88006BC58D /* ValidateParameters.swift in Sources */ = {isa = PBXBuildFile; fileRef = 36E408A4251BDD88006BC58D /* ValidateParameters.swift */; };
		36E408A7251C07E0006BC58D /* MainViewController.swift in Sources */ = {isa = PBXBuildFile; fileRef = 36E408A6251C07E0006BC58D /* MainViewController.swift */; };
		36EE44472574562A002E1140 /* CargoCoreDataMethods.swift in Sources */ = {isa = PBXBuildFile; fileRef = 36EE44462574562A002E1140 /* CargoCoreDataMethods.swift */; };
/* End PBXBuildFile section */

/* Begin PBXFileReference section */
		36259EE2255418D70081B6CA /* ContactViewAndEditViewController.swift */ = {isa = PBXFileReference; lastKnownFileType = sourcecode.swift; path = ContactViewAndEditViewController.swift; sourceTree = "<group>"; };
		36259EE5255418E70081B6CA /* ContactCreateViewController.swift */ = {isa = PBXFileReference; lastKnownFileType = sourcecode.swift; path = ContactCreateViewController.swift; sourceTree = "<group>"; };
		36259EE8255419460081B6CA /* RouteViewController.swift */ = {isa = PBXFileReference; lastKnownFileType = sourcecode.swift; path = RouteViewController.swift; sourceTree = "<group>"; };
		36259EEB2554197B0081B6CA /* RouteViewAndEditViewController.swift */ = {isa = PBXFileReference; lastKnownFileType = sourcecode.swift; path = RouteViewAndEditViewController.swift; sourceTree = "<group>"; };
		36259EEE255419860081B6CA /* RouteCreateViewController.swift */ = {isa = PBXFileReference; lastKnownFileType = sourcecode.swift; path = RouteCreateViewController.swift; sourceTree = "<group>"; };
		36259EFD25541A0E0081B6CA /* CargoViewController.swift */ = {isa = PBXFileReference; lastKnownFileType = sourcecode.swift; path = CargoViewController.swift; sourceTree = "<group>"; };
		36259F0125541A180081B6CA /* CargoViewAndEditViewController.swift */ = {isa = PBXFileReference; lastKnownFileType = sourcecode.swift; path = CargoViewAndEditViewController.swift; sourceTree = "<group>"; };
		36259F0425541A220081B6CA /* CargoCreateViewController.swift */ = {isa = PBXFileReference; lastKnownFileType = sourcecode.swift; path = CargoCreateViewController.swift; sourceTree = "<group>"; };
		366A835A2572A212004F4FBC /* RouteTableViewCell.swift */ = {isa = PBXFileReference; lastKnownFileType = sourcecode.swift; path = RouteTableViewCell.swift; sourceTree = "<group>"; };
		366A835E2572A5B2004F4FBC /* RouteCoreDataMethods.swift */ = {isa = PBXFileReference; lastKnownFileType = sourcecode.swift; path = RouteCoreDataMethods.swift; sourceTree = "<group>"; };
		366ED2BE251BB139007AE2D4 /* TrafficEditor.app */ = {isa = PBXFileReference; explicitFileType = wrapper.application; includeInIndex = 0; path = TrafficEditor.app; sourceTree = BUILT_PRODUCTS_DIR; };
		366ED2C1251BB139007AE2D4 /* AppDelegate.swift */ = {isa = PBXFileReference; lastKnownFileType = sourcecode.swift; path = AppDelegate.swift; sourceTree = "<group>"; };
		366ED2C3251BB139007AE2D4 /* SceneDelegate.swift */ = {isa = PBXFileReference; lastKnownFileType = sourcecode.swift; path = SceneDelegate.swift; sourceTree = "<group>"; };
		366ED2C5251BB139007AE2D4 /* StartViewController.swift */ = {isa = PBXFileReference; lastKnownFileType = sourcecode.swift; path = StartViewController.swift; sourceTree = "<group>"; };
		366ED2C8251BB139007AE2D4 /* Base */ = {isa = PBXFileReference; lastKnownFileType = file.storyboard; name = Base; path = Base.lproj/Main.storyboard; sourceTree = "<group>"; };
		366ED2CB251BB139007AE2D4 /* TrafficEditor.xcdatamodel */ = {isa = PBXFileReference; lastKnownFileType = wrapper.xcdatamodel; path = TrafficEditor.xcdatamodel; sourceTree = "<group>"; };
		366ED2CD251BB13E007AE2D4 /* Assets.xcassets */ = {isa = PBXFileReference; lastKnownFileType = folder.assetcatalog; path = Assets.xcassets; sourceTree = "<group>"; };
		366ED2D0251BB13E007AE2D4 /* Base */ = {isa = PBXFileReference; lastKnownFileType = file.storyboard; name = Base; path = Base.lproj/LaunchScreen.storyboard; sourceTree = "<group>"; };
		366ED2D2251BB13E007AE2D4 /* Info.plist */ = {isa = PBXFileReference; lastKnownFileType = text.plist.xml; path = Info.plist; sourceTree = "<group>"; };
		366ED2E2251BBD21007AE2D4 /* Utilities.swift */ = {isa = PBXFileReference; lastKnownFileType = sourcecode.swift; path = Utilities.swift; sourceTree = "<group>"; };
		366ED2E5251BBD4D007AE2D4 /* Constants.swift */ = {isa = PBXFileReference; lastKnownFileType = sourcecode.swift; path = Constants.swift; sourceTree = SOURCE_ROOT; };
		367BEE2A2572D8AD00539367 /* Route+CoreDataClass.swift */ = {isa = PBXFileReference; lastKnownFileType = sourcecode.swift; name = "Route+CoreDataClass.swift"; path = "TrafficEditor/Route/Model/Route+CoreDataClass.swift"; sourceTree = SOURCE_ROOT; };
		367BEE2B2572D8AE00539367 /* Route+CoreDataProperties.swift */ = {isa = PBXFileReference; lastKnownFileType = sourcecode.swift; name = "Route+CoreDataProperties.swift"; path = "TrafficEditor/Route/Model/Route+CoreDataProperties.swift"; sourceTree = SOURCE_ROOT; };
		3688B34F251BC59100AB35B4 /* Users+CoreDataClass.swift */ = {isa = PBXFileReference; lastKnownFileType = sourcecode.swift; path = "Users+CoreDataClass.swift"; sourceTree = "<group>"; };
		3688B350251BC59100AB35B4 /* Users+CoreDataProperties.swift */ = {isa = PBXFileReference; lastKnownFileType = sourcecode.swift; path = "Users+CoreDataProperties.swift"; sourceTree = "<group>"; };
		36BA3E92257456D8004702BD /* Cargo+CoreDataClass.swift */ = {isa = PBXFileReference; lastKnownFileType = sourcecode.swift; path = "Cargo+CoreDataClass.swift"; sourceTree = SOURCE_ROOT; };
		36BA3E93257456D8004702BD /* Cargo+CoreDataProperties.swift */ = {isa = PBXFileReference; lastKnownFileType = sourcecode.swift; path = "Cargo+CoreDataProperties.swift"; sourceTree = SOURCE_ROOT; };
		36BA3E9725745C8D004702BD /* RefactoringCargoDataModel.swift */ = {isa = PBXFileReference; lastKnownFileType = sourcecode.swift; path = RefactoringCargoDataModel.swift; sourceTree = "<group>"; };
		36BA3E9B25746B86004702BD /* DissmissKeyboard.swift */ = {isa = PBXFileReference; lastKnownFileType = sourcecode.swift; path = DissmissKeyboard.swift; sourceTree = "<group>"; };
		36BA3E9E25764341004702BD /* DatePickerForTextField.swift */ = {isa = PBXFileReference; lastKnownFileType = sourcecode.swift; path = DatePickerForTextField.swift; sourceTree = "<group>"; };
		36BA3EA5257662C2004702BD /* DatePickerConvertMethods.swift */ = {isa = PBXFileReference; lastKnownFileType = sourcecode.swift; path = DatePickerConvertMethods.swift; sourceTree = "<group>"; };
		36BA3EAB25766C76004702BD /* Contact+CoreDataClass.swift */ = {isa = PBXFileReference; lastKnownFileType = sourcecode.swift; path = "Contact+CoreDataClass.swift"; sourceTree = SOURCE_ROOT; };
		36BA3EAC25766C76004702BD /* Contact+CoreDataProperties.swift */ = {isa = PBXFileReference; lastKnownFileType = sourcecode.swift; path = "Contact+CoreDataProperties.swift"; sourceTree = SOURCE_ROOT; };
		36BB443E2571BAA600A65D2E /* RefactoringContactDataModel.swift */ = {isa = PBXFileReference; lastKnownFileType = sourcecode.swift; path = RefactoringContactDataModel.swift; sourceTree = "<group>"; };
		36BDD03625731C0F009AB400 /* CargoTableViewCell.swift */ = {isa = PBXFileReference; lastKnownFileType = sourcecode.swift; path = CargoTableViewCell.swift; sourceTree = "<group>"; };
		36C4B86F254D96470065BB5F /* LoginAndRegistrationViewController.swift */ = {isa = PBXFileReference; fileEncoding = 4; lastKnownFileType = sourcecode.swift; path = LoginAndRegistrationViewController.swift; sourceTree = "<group>"; };
		36C4B872254D96550065BB5F /* ContactViewController.swift */ = {isa = PBXFileReference; fileEncoding = 4; lastKnownFileType = sourcecode.swift; path = ContactViewController.swift; sourceTree = "<group>"; };
		36C4B8A8254E0E740065BB5F /* GIfLogic.swift */ = {isa = PBXFileReference; lastKnownFileType = sourcecode.swift; path = GIfLogic.swift; sourceTree = "<group>"; };
		36C4B8C0254E21C60065BB5F /* flow.gif */ = {isa = PBXFileReference; lastKnownFileType = image.gif; name = flow.gif; path = ../../../../../Downloads/flow.gif; sourceTree = "<group>"; };
		36C779A5256D57150055A43A /* ContactTableViewCell.swift */ = {isa = PBXFileReference; lastKnownFileType = sourcecode.swift; path = ContactTableViewCell.swift; sourceTree = "<group>"; };
		36DBBA45256D90A400735717 /* ContactCoreDataMethods.swift */ = {isa = PBXFileReference; lastKnownFileType = sourcecode.swift; path = ContactCoreDataMethods.swift; sourceTree = "<group>"; };
		36E408A4251BDD88006BC58D /* ValidateParameters.swift */ = {isa = PBXFileReference; lastKnownFileType = sourcecode.swift; path = ValidateParameters.swift; sourceTree = "<group>"; };
		36E408A6251C07E0006BC58D /* MainViewController.swift */ = {isa = PBXFileReference; lastKnownFileType = sourcecode.swift; path = MainViewController.swift; sourceTree = "<group>"; };
		36EE44462574562A002E1140 /* CargoCoreDataMethods.swift */ = {isa = PBXFileReference; lastKnownFileType = sourcecode.swift; path = CargoCoreDataMethods.swift; sourceTree = "<group>"; };
/* End PBXFileReference section */

/* Begin PBXFrameworksBuildPhase section */
		366ED2BB251BB139007AE2D4 /* Frameworks */ = {
			isa = PBXFrameworksBuildPhase;
			buildActionMask = 2147483647;
			files = (
			);
			runOnlyForDeploymentPostprocessing = 0;
		};
/* End PBXFrameworksBuildPhase section */

/* Begin PBXGroup section */
		36259EDD255418470081B6CA /* Cargo */ = {
			isa = PBXGroup;
			children = (
				36F1DEA2256D7D3200BFCD79 /* Model */,
				36BDD03925731C15009AB400 /* View */,
				36259EFC255419D90081B6CA /* Controller */,
			);
			path = Cargo;
			sourceTree = "<group>";
		};
		36259EDE255418590081B6CA /* Route */ = {
			isa = PBXGroup;
			children = (
				36F1DEA0256D7CF600BFCD79 /* Model */,
				3649A2D22572E86B0075893A /* View */,
				36259EE1255418910081B6CA /* Controller */,
			);
			path = Route;
			sourceTree = "<group>";
		};
		36259EE1255418910081B6CA /* Controller */ = {
			isa = PBXGroup;
			children = (
				36259EE8255419460081B6CA /* RouteViewController.swift */,
				36259EEB2554197B0081B6CA /* RouteViewAndEditViewController.swift */,
				36259EEE255419860081B6CA /* RouteCreateViewController.swift */,
			);
			path = Controller;
			sourceTree = "<group>";
		};
		36259EFC255419D90081B6CA /* Controller */ = {
			isa = PBXGroup;
			children = (
				36259EFD25541A0E0081B6CA /* CargoViewController.swift */,
				36259F0125541A180081B6CA /* CargoViewAndEditViewController.swift */,
				36259F0425541A220081B6CA /* CargoCreateViewController.swift */,
			);
			path = Controller;
			sourceTree = "<group>";
		};
		3649A2D22572E86B0075893A /* View */ = {
			isa = PBXGroup;
			children = (
				366A835A2572A212004F4FBC /* RouteTableViewCell.swift */,
			);
			path = View;
			sourceTree = "<group>";
		};
		3649A2D32572E87A0075893A /* View */ = {
			isa = PBXGroup;
			children = (
				36C779A5256D57150055A43A /* ContactTableViewCell.swift */,
			);
			path = View;
			sourceTree = "<group>";
		};
		366ED2B5251BB139007AE2D4 = {
			isa = PBXGroup;
			children = (
				366ED2C0251BB139007AE2D4 /* TrafficEditor */,
				366ED2BF251BB139007AE2D4 /* Products */,
			);
			sourceTree = "<group>";
		};
		366ED2BF251BB139007AE2D4 /* Products */ = {
			isa = PBXGroup;
			children = (
				366ED2BE251BB139007AE2D4 /* TrafficEditor.app */,
			);
			name = Products;
			sourceTree = "<group>";
		};
		366ED2C0251BB139007AE2D4 /* TrafficEditor */ = {
			isa = PBXGroup;
			children = (
				36AF1FBA254D9415006DFFA8 /* Application */,
				36C4B88D254DC3EF0065BB5F /* Start */,
				36AF1FC0254D946A006DFFA8 /* LoginAndRegistration */,
				36C4B88E254DC4070065BB5F /* Main */,
				36C4B890254DC4250065BB5F /* Contact */,
				36259EDE255418590081B6CA /* Route */,
				36259EDD255418470081B6CA /* Cargo */,
				36AF1FB9254D93E3006DFFA8 /* CoreData */,
				366ED2E4251BBD32007AE2D4 /* Helpers */,
				36E408A8251C0B70006BC58D /* Media */,
				36C4B898254DC4D80065BB5F /* Supporting files */,
			);
			path = TrafficEditor;
			sourceTree = "<group>";
		};
		366ED2DB251BB507007AE2D4 /* Controller */ = {
			isa = PBXGroup;
			children = (
				36C4B86F254D96470065BB5F /* LoginAndRegistrationViewController.swift */,
			);
			path = Controller;
			sourceTree = "<group>";
		};
		366ED2E4251BBD32007AE2D4 /* Helpers */ = {
			isa = PBXGroup;
			children = (
				366ED2E2251BBD21007AE2D4 /* Utilities.swift */,
				366ED2E5251BBD4D007AE2D4 /* Constants.swift */,
				36E408A4251BDD88006BC58D /* ValidateParameters.swift */,
				36C4B8A8254E0E740065BB5F /* GIfLogic.swift */,
			);
			path = Helpers;
			sourceTree = "<group>";
		};
		36AF1FB9254D93E3006DFFA8 /* CoreData */ = {
			isa = PBXGroup;
			children = (
				366ED2CA251BB139007AE2D4 /* TrafficEditor.xcdatamodeld */,
			);
			path = CoreData;
			sourceTree = "<group>";
		};
		36AF1FBA254D9415006DFFA8 /* Application */ = {
			isa = PBXGroup;
			children = (
				36BA3E9A25746B43004702BD /* Model */,
				36AF1FBD254D942C006DFFA8 /* View */,
				36AF1FBB254D941D006DFFA8 /* Controller */,
			);
			path = Application;
			sourceTree = "<group>";
		};
		36AF1FBB254D941D006DFFA8 /* Controller */ = {
			isa = PBXGroup;
			children = (
				366ED2C1251BB139007AE2D4 /* AppDelegate.swift */,
				366ED2C3251BB139007AE2D4 /* SceneDelegate.swift */,
			);
			path = Controller;
			sourceTree = "<group>";
		};
		36AF1FBD254D942C006DFFA8 /* View */ = {
			isa = PBXGroup;
			children = (
				366ED2C7251BB139007AE2D4 /* Main.storyboard */,
				366ED2CF251BB13E007AE2D4 /* LaunchScreen.storyboard */,
			);
			path = View;
			sourceTree = "<group>";
		};
		36AF1FC0254D946A006DFFA8 /* LoginAndRegistration */ = {
			isa = PBXGroup;
			children = (
				36F1DEA1256D7D0800BFCD79 /* Model */,
				366ED2DB251BB507007AE2D4 /* Controller */,
			);
			path = LoginAndRegistration;
			sourceTree = "<group>";
		};
		36BA3E9A25746B43004702BD /* Model */ = {
			isa = PBXGroup;
			children = (
				36BA3E9B25746B86004702BD /* DissmissKeyboard.swift */,
				36BA3E9E25764341004702BD /* DatePickerForTextField.swift */,
				36BA3EA5257662C2004702BD /* DatePickerConvertMethods.swift */,
			);
			path = Model;
			sourceTree = "<group>";
		};
		36BDD03925731C15009AB400 /* View */ = {
			isa = PBXGroup;
			children = (
				36BDD03625731C0F009AB400 /* CargoTableViewCell.swift */,
			);
			path = View;
			sourceTree = "<group>";
		};
		36C4B88D254DC3EF0065BB5F /* Start */ = {
			isa = PBXGroup;
			children = (
				36C4B88F254DC41A0065BB5F /* Controller */,
			);
			path = Start;
			sourceTree = "<group>";
		};
		36C4B88E254DC4070065BB5F /* Main */ = {
			isa = PBXGroup;
			children = (
				36C4B895254DC46E0065BB5F /* Contoller */,
			);
			path = Main;
			sourceTree = "<group>";
		};
		36C4B88F254DC41A0065BB5F /* Controller */ = {
			isa = PBXGroup;
			children = (
				366ED2C5251BB139007AE2D4 /* StartViewController.swift */,
			);
			path = Controller;
			sourceTree = "<group>";
		};
		36C4B890254DC4250065BB5F /* Contact */ = {
			isa = PBXGroup;
			children = (
				36F1DE9C256D7C8A00BFCD79 /* Model */,
				3649A2D32572E87A0075893A /* View */,
				36C4B891254DC43A0065BB5F /* Controller */,
			);
			path = Contact;
			sourceTree = "<group>";
		};
		36C4B891254DC43A0065BB5F /* Controller */ = {
			isa = PBXGroup;
			children = (
				36C4B872254D96550065BB5F /* ContactViewController.swift */,
				36259EE5255418E70081B6CA /* ContactCreateViewController.swift */,
				36259EE2255418D70081B6CA /* ContactViewAndEditViewController.swift */,
			);
			path = Controller;
			sourceTree = "<group>";
		};
		36C4B895254DC46E0065BB5F /* Contoller */ = {
			isa = PBXGroup;
			children = (
				36E408A6251C07E0006BC58D /* MainViewController.swift */,
			);
			path = Contoller;
			sourceTree = "<group>";
		};
		36C4B898254DC4D80065BB5F /* Supporting files */ = {
			isa = PBXGroup;
			children = (
				366ED2CD251BB13E007AE2D4 /* Assets.xcassets */,
				366ED2D2251BB13E007AE2D4 /* Info.plist */,
			);
			path = "Supporting files";
			sourceTree = "<group>";
		};
		36E408A8251C0B70006BC58D /* Media */ = {
			isa = PBXGroup;
			children = (
				36C4B8C0254E21C60065BB5F /* flow.gif */,
			);
			path = Media;
			sourceTree = "<group>";
		};
		36F1DE9C256D7C8A00BFCD79 /* Model */ = {
			isa = PBXGroup;
			children = (
				36BA3EAB25766C76004702BD /* Contact+CoreDataClass.swift */,
				36BA3EAC25766C76004702BD /* Contact+CoreDataProperties.swift */,
				36DBBA45256D90A400735717 /* ContactCoreDataMethods.swift */,
				36BB443E2571BAA600A65D2E /* RefactoringContactDataModel.swift */,
			);
			path = Model;
			sourceTree = "<group>";
		};
		36F1DEA0256D7CF600BFCD79 /* Model */ = {
			isa = PBXGroup;
			children = (
				367BEE2A2572D8AD00539367 /* Route+CoreDataClass.swift */,
				367BEE2B2572D8AE00539367 /* Route+CoreDataProperties.swift */,
				366A835E2572A5B2004F4FBC /* RouteCoreDataMethods.swift */,
			);
			path = Model;
			sourceTree = "<group>";
		};
		36F1DEA1256D7D0800BFCD79 /* Model */ = {
			isa = PBXGroup;
			children = (
				3688B34F251BC59100AB35B4 /* Users+CoreDataClass.swift */,
				3688B350251BC59100AB35B4 /* Users+CoreDataProperties.swift */,
			);
			path = Model;
			sourceTree = "<group>";
		};
		36F1DEA2256D7D3200BFCD79 /* Model */ = {
			isa = PBXGroup;
			children = (
				36BA3E92257456D8004702BD /* Cargo+CoreDataClass.swift */,
				36BA3E93257456D8004702BD /* Cargo+CoreDataProperties.swift */,
				36EE44462574562A002E1140 /* CargoCoreDataMethods.swift */,
				36BA3E9725745C8D004702BD /* RefactoringCargoDataModel.swift */,
			);
			path = Model;
			sourceTree = "<group>";
		};
/* End PBXGroup section */

/* Begin PBXNativeTarget section */
		366ED2BD251BB139007AE2D4 /* TrafficEditor */ = {
			isa = PBXNativeTarget;
			buildConfigurationList = 366ED2D5251BB13E007AE2D4 /* Build configuration list for PBXNativeTarget "TrafficEditor" */;
			buildPhases = (
				366ED2BA251BB139007AE2D4 /* Sources */,
				366ED2BB251BB139007AE2D4 /* Frameworks */,
				366ED2BC251BB139007AE2D4 /* Resources */,
			);
			buildRules = (
			);
			dependencies = (
			);
			name = TrafficEditor;
			productName = TrafficEditor;
			productReference = 366ED2BE251BB139007AE2D4 /* TrafficEditor.app */;
			productType = "com.apple.product-type.application";
		};
/* End PBXNativeTarget section */

/* Begin PBXProject section */
		366ED2B6251BB139007AE2D4 /* Project object */ = {
			isa = PBXProject;
			attributes = {
				LastSwiftUpdateCheck = 1150;
				LastUpgradeCheck = 1200;
				ORGANIZATIONNAME = "Vlad Novik";
				TargetAttributes = {
					366ED2BD251BB139007AE2D4 = {
						CreatedOnToolsVersion = 11.5;
					};
				};
			};
			buildConfigurationList = 366ED2B9251BB139007AE2D4 /* Build configuration list for PBXProject "TrafficEditor" */;
			compatibilityVersion = "Xcode 9.3";
			developmentRegion = en;
			hasScannedForEncodings = 0;
			knownRegions = (
				en,
				Base,
			);
			mainGroup = 366ED2B5251BB139007AE2D4;
			productRefGroup = 366ED2BF251BB139007AE2D4 /* Products */;
			projectDirPath = "";
			projectRoot = "";
			targets = (
				366ED2BD251BB139007AE2D4 /* TrafficEditor */,
			);
		};
/* End PBXProject section */

/* Begin PBXResourcesBuildPhase section */
		366ED2BC251BB139007AE2D4 /* Resources */ = {
			isa = PBXResourcesBuildPhase;
			buildActionMask = 2147483647;
			files = (
				366ED2D1251BB13E007AE2D4 /* LaunchScreen.storyboard in Resources */,
				36C4B8C1254E21C60065BB5F /* flow.gif in Resources */,
				366ED2CE251BB13E007AE2D4 /* Assets.xcassets in Resources */,
				366ED2C9251BB139007AE2D4 /* Main.storyboard in Resources */,
			);
			runOnlyForDeploymentPostprocessing = 0;
		};
/* End PBXResourcesBuildPhase section */

/* Begin PBXSourcesBuildPhase section */
		366ED2BA251BB139007AE2D4 /* Sources */ = {
			isa = PBXSourcesBuildPhase;
			buildActionMask = 2147483647;
			files = (
				36E408A7251C07E0006BC58D /* MainViewController.swift in Sources */,
				36C4B8A9254E0E740065BB5F /* GIfLogic.swift in Sources */,
				36259EE9255419460081B6CA /* RouteViewController.swift in Sources */,
				367BEE2D2572D8AE00539367 /* Route+CoreDataProperties.swift in Sources */,
				36BA3E9825745C8D004702BD /* RefactoringCargoDataModel.swift in Sources */,
				366A835F2572A5B2004F4FBC /* RouteCoreDataMethods.swift in Sources */,
				36C779A6256D57150055A43A /* ContactTableViewCell.swift in Sources */,
				366A835B2572A212004F4FBC /* RouteTableViewCell.swift in Sources */,
				36259F0525541A220081B6CA /* CargoCreateViewController.swift in Sources */,
				36C4B873254D96550065BB5F /* ContactViewController.swift in Sources */,
				36EE44472574562A002E1140 /* CargoCoreDataMethods.swift in Sources */,
				36BB443F2571BAA600A65D2E /* RefactoringContactDataModel.swift in Sources */,
				36BA3EA6257662C2004702BD /* DatePickerConvertMethods.swift in Sources */,
				36259EE3255418D70081B6CA /* ContactViewAndEditViewController.swift in Sources */,
				36BA3E94257456D8004702BD /* Cargo+CoreDataClass.swift in Sources */,
				36BDD03725731C0F009AB400 /* CargoTableViewCell.swift in Sources */,
				366ED2CC251BB139007AE2D4 /* TrafficEditor.xcdatamodeld in Sources */,
				366ED2C6251BB139007AE2D4 /* StartViewController.swift in Sources */,
				366ED2C2251BB139007AE2D4 /* AppDelegate.swift in Sources */,
				3688B352251BC59100AB35B4 /* Users+CoreDataProperties.swift in Sources */,
				36BA3E9F25764341004702BD /* DatePickerForTextField.swift in Sources */,
				36E408A5251BDD88006BC58D /* ValidateParameters.swift in Sources */,
				366ED2C4251BB139007AE2D4 /* SceneDelegate.swift in Sources */,
				36259EE6255418E70081B6CA /* ContactCreateViewController.swift in Sources */,
				36BA3EAE25766C76004702BD /* Contact+CoreDataProperties.swift in Sources */,
				367BEE2C2572D8AE00539367 /* Route+CoreDataClass.swift in Sources */,
				36C4B870254D96470065BB5F /* LoginAndRegistrationViewController.swift in Sources */,
				36BA3E9C25746B86004702BD /* DissmissKeyboard.swift in Sources */,
				366ED2E3251BBD21007AE2D4 /* Utilities.swift in Sources */,
				36259EFE25541A0E0081B6CA /* CargoViewController.swift in Sources */,
				3688B351251BC59100AB35B4 /* Users+CoreDataClass.swift in Sources */,
				366ED2E6251BBD4D007AE2D4 /* Constants.swift in Sources */,
				36BA3EAD25766C76004702BD /* Contact+CoreDataClass.swift in Sources */,
				36259EEC2554197B0081B6CA /* RouteViewAndEditViewController.swift in Sources */,
				36259F0225541A180081B6CA /* CargoViewAndEditViewController.swift in Sources */,
				36259EEF255419860081B6CA /* RouteCreateViewController.swift in Sources */,
				36BA3E95257456D8004702BD /* Cargo+CoreDataProperties.swift in Sources */,
				36DBBA46256D90A400735717 /* ContactCoreDataMethods.swift in Sources */,
			);
			runOnlyForDeploymentPostprocessing = 0;
		};
/* End PBXSourcesBuildPhase section */

/* Begin PBXVariantGroup section */
		366ED2C7251BB139007AE2D4 /* Main.storyboard */ = {
			isa = PBXVariantGroup;
			children = (
				366ED2C8251BB139007AE2D4 /* Base */,
			);
			name = Main.storyboard;
			sourceTree = "<group>";
		};
		366ED2CF251BB13E007AE2D4 /* LaunchScreen.storyboard */ = {
			isa = PBXVariantGroup;
			children = (
				366ED2D0251BB13E007AE2D4 /* Base */,
			);
			name = LaunchScreen.storyboard;
			sourceTree = "<group>";
		};
/* End PBXVariantGroup section */

/* Begin XCBuildConfiguration section */
		366ED2D3251BB13E007AE2D4 /* Debug */ = {
			isa = XCBuildConfiguration;
			buildSettings = {
				ALWAYS_SEARCH_USER_PATHS = NO;
				CLANG_ANALYZER_NONNULL = YES;
				CLANG_ANALYZER_NUMBER_OBJECT_CONVERSION = YES_AGGRESSIVE;
				CLANG_CXX_LANGUAGE_STANDARD = "gnu++14";
				CLANG_CXX_LIBRARY = "libc++";
				CLANG_ENABLE_MODULES = YES;
				CLANG_ENABLE_OBJC_ARC = YES;
				CLANG_ENABLE_OBJC_WEAK = YES;
				CLANG_WARN_BLOCK_CAPTURE_AUTORELEASING = YES;
				CLANG_WARN_BOOL_CONVERSION = YES;
				CLANG_WARN_COMMA = YES;
				CLANG_WARN_CONSTANT_CONVERSION = YES;
				CLANG_WARN_DEPRECATED_OBJC_IMPLEMENTATIONS = YES;
				CLANG_WARN_DIRECT_OBJC_ISA_USAGE = YES_ERROR;
				CLANG_WARN_DOCUMENTATION_COMMENTS = YES;
				CLANG_WARN_EMPTY_BODY = YES;
				CLANG_WARN_ENUM_CONVERSION = YES;
				CLANG_WARN_INFINITE_RECURSION = YES;
				CLANG_WARN_INT_CONVERSION = YES;
				CLANG_WARN_NON_LITERAL_NULL_CONVERSION = YES;
				CLANG_WARN_OBJC_IMPLICIT_RETAIN_SELF = YES;
				CLANG_WARN_OBJC_LITERAL_CONVERSION = YES;
				CLANG_WARN_OBJC_ROOT_CLASS = YES_ERROR;
				CLANG_WARN_QUOTED_INCLUDE_IN_FRAMEWORK_HEADER = YES;
				CLANG_WARN_RANGE_LOOP_ANALYSIS = YES;
				CLANG_WARN_STRICT_PROTOTYPES = YES;
				CLANG_WARN_SUSPICIOUS_MOVE = YES;
				CLANG_WARN_UNGUARDED_AVAILABILITY = YES_AGGRESSIVE;
				CLANG_WARN_UNREACHABLE_CODE = YES;
				CLANG_WARN__DUPLICATE_METHOD_MATCH = YES;
				COPY_PHASE_STRIP = NO;
				DEBUG_INFORMATION_FORMAT = dwarf;
				ENABLE_STRICT_OBJC_MSGSEND = YES;
				ENABLE_TESTABILITY = YES;
				GCC_C_LANGUAGE_STANDARD = gnu11;
				GCC_DYNAMIC_NO_PIC = NO;
				GCC_NO_COMMON_BLOCKS = YES;
				GCC_OPTIMIZATION_LEVEL = 0;
				GCC_PREPROCESSOR_DEFINITIONS = (
					"DEBUG=1",
					"$(inherited)",
				);
				GCC_WARN_64_TO_32_BIT_CONVERSION = YES;
				GCC_WARN_ABOUT_RETURN_TYPE = YES_ERROR;
				GCC_WARN_UNDECLARED_SELECTOR = YES;
				GCC_WARN_UNINITIALIZED_AUTOS = YES_AGGRESSIVE;
				GCC_WARN_UNUSED_FUNCTION = YES;
				GCC_WARN_UNUSED_VARIABLE = YES;
				IPHONEOS_DEPLOYMENT_TARGET = 13.5;
				MTL_ENABLE_DEBUG_INFO = INCLUDE_SOURCE;
				MTL_FAST_MATH = YES;
				ONLY_ACTIVE_ARCH = YES;
				SDKROOT = iphoneos;
				SWIFT_ACTIVE_COMPILATION_CONDITIONS = DEBUG;
				SWIFT_OPTIMIZATION_LEVEL = "-Onone";
			};
			name = Debug;
		};
		366ED2D4251BB13E007AE2D4 /* Release */ = {
			isa = XCBuildConfiguration;
			buildSettings = {
				ALWAYS_SEARCH_USER_PATHS = NO;
				CLANG_ANALYZER_NONNULL = YES;
				CLANG_ANALYZER_NUMBER_OBJECT_CONVERSION = YES_AGGRESSIVE;
				CLANG_CXX_LANGUAGE_STANDARD = "gnu++14";
				CLANG_CXX_LIBRARY = "libc++";
				CLANG_ENABLE_MODULES = YES;
				CLANG_ENABLE_OBJC_ARC = YES;
				CLANG_ENABLE_OBJC_WEAK = YES;
				CLANG_WARN_BLOCK_CAPTURE_AUTORELEASING = YES;
				CLANG_WARN_BOOL_CONVERSION = YES;
				CLANG_WARN_COMMA = YES;
				CLANG_WARN_CONSTANT_CONVERSION = YES;
				CLANG_WARN_DEPRECATED_OBJC_IMPLEMENTATIONS = YES;
				CLANG_WARN_DIRECT_OBJC_ISA_USAGE = YES_ERROR;
				CLANG_WARN_DOCUMENTATION_COMMENTS = YES;
				CLANG_WARN_EMPTY_BODY = YES;
				CLANG_WARN_ENUM_CONVERSION = YES;
				CLANG_WARN_INFINITE_RECURSION = YES;
				CLANG_WARN_INT_CONVERSION = YES;
				CLANG_WARN_NON_LITERAL_NULL_CONVERSION = YES;
				CLANG_WARN_OBJC_IMPLICIT_RETAIN_SELF = YES;
				CLANG_WARN_OBJC_LITERAL_CONVERSION = YES;
				CLANG_WARN_OBJC_ROOT_CLASS = YES_ERROR;
				CLANG_WARN_QUOTED_INCLUDE_IN_FRAMEWORK_HEADER = YES;
				CLANG_WARN_RANGE_LOOP_ANALYSIS = YES;
				CLANG_WARN_STRICT_PROTOTYPES = YES;
				CLANG_WARN_SUSPICIOUS_MOVE = YES;
				CLANG_WARN_UNGUARDED_AVAILABILITY = YES_AGGRESSIVE;
				CLANG_WARN_UNREACHABLE_CODE = YES;
				CLANG_WARN__DUPLICATE_METHOD_MATCH = YES;
				COPY_PHASE_STRIP = NO;
				DEBUG_INFORMATION_FORMAT = "dwarf-with-dsym";
				ENABLE_NS_ASSERTIONS = NO;
				ENABLE_STRICT_OBJC_MSGSEND = YES;
				GCC_C_LANGUAGE_STANDARD = gnu11;
				GCC_NO_COMMON_BLOCKS = YES;
				GCC_WARN_64_TO_32_BIT_CONVERSION = YES;
				GCC_WARN_ABOUT_RETURN_TYPE = YES_ERROR;
				GCC_WARN_UNDECLARED_SELECTOR = YES;
				GCC_WARN_UNINITIALIZED_AUTOS = YES_AGGRESSIVE;
				GCC_WARN_UNUSED_FUNCTION = YES;
				GCC_WARN_UNUSED_VARIABLE = YES;
				IPHONEOS_DEPLOYMENT_TARGET = 13.5;
				MTL_ENABLE_DEBUG_INFO = NO;
				MTL_FAST_MATH = YES;
				SDKROOT = iphoneos;
				SWIFT_COMPILATION_MODE = wholemodule;
				SWIFT_OPTIMIZATION_LEVEL = "-O";
				VALIDATE_PRODUCT = YES;
			};
			name = Release;
		};
		366ED2D6251BB13E007AE2D4 /* Debug */ = {
			isa = XCBuildConfiguration;
			buildSettings = {
				ASSETCATALOG_COMPILER_APPICON_NAME = AppIcon;
				CODE_SIGN_STYLE = Automatic;
				DEVELOPMENT_TEAM = WQ74PM97F4;
				INFOPLIST_FILE = "TrafficEditor/Supporting files/Info.plist";
				LD_RUNPATH_SEARCH_PATHS = (
					"$(inherited)",
					"@executable_path/Frameworks",
				);
				PRODUCT_BUNDLE_IDENTIFIER = vlad.novik.TrafficEditor;
				PRODUCT_NAME = "$(TARGET_NAME)";
				SWIFT_VERSION = 5.0;
				TARGETED_DEVICE_FAMILY = 1;
			};
			name = Debug;
		};
		366ED2D7251BB13E007AE2D4 /* Release */ = {
			isa = XCBuildConfiguration;
			buildSettings = {
				ASSETCATALOG_COMPILER_APPICON_NAME = AppIcon;
				CODE_SIGN_STYLE = Automatic;
				DEVELOPMENT_TEAM = WQ74PM97F4;
				INFOPLIST_FILE = "TrafficEditor/Supporting files/Info.plist";
				LD_RUNPATH_SEARCH_PATHS = (
					"$(inherited)",
					"@executable_path/Frameworks",
				);
				PRODUCT_BUNDLE_IDENTIFIER = vlad.novik.TrafficEditor;
				PRODUCT_NAME = "$(TARGET_NAME)";
				SWIFT_VERSION = 5.0;
				TARGETED_DEVICE_FAMILY = 1;
			};
			name = Release;
		};
/* End XCBuildConfiguration section */

/* Begin XCConfigurationList section */
		366ED2B9251BB139007AE2D4 /* Build configuration list for PBXProject "TrafficEditor" */ = {
			isa = XCConfigurationList;
			buildConfigurations = (
				366ED2D3251BB13E007AE2D4 /* Debug */,
				366ED2D4251BB13E007AE2D4 /* Release */,
			);
			defaultConfigurationIsVisible = 0;
			defaultConfigurationName = Release;
		};
		366ED2D5251BB13E007AE2D4 /* Build configuration list for PBXNativeTarget "TrafficEditor" */ = {
			isa = XCConfigurationList;
			buildConfigurations = (
				366ED2D6251BB13E007AE2D4 /* Debug */,
				366ED2D7251BB13E007AE2D4 /* Release */,
			);
			defaultConfigurationIsVisible = 0;
			defaultConfigurationName = Release;
		};
/* End XCConfigurationList section */

/* Begin XCVersionGroup section */
		366ED2CA251BB139007AE2D4 /* TrafficEditor.xcdatamodeld */ = {
			isa = XCVersionGroup;
			children = (
				366ED2CB251BB139007AE2D4 /* TrafficEditor.xcdatamodel */,
			);
			currentVersion = 366ED2CB251BB139007AE2D4 /* TrafficEditor.xcdatamodel */;
			path = TrafficEditor.xcdatamodeld;
			sourceTree = "<group>";
			versionGroupType = wrapper.xcdatamodel;
		};
/* End XCVersionGroup section */
	};
	rootObject = 366ED2B6251BB139007AE2D4 /* Project object */;
}
